// !$*UTF8*$!
{
	archiveVersion = 1;
	classes = {
	};
	objectVersion = 46;
	objects = {

/* Begin PBXBuildFile section */
		AC0B8E3818A7A6760097AAD1 /* PhotoDisplayViewController.m in Sources */ = {isa = PBXBuildFile; fileRef = AC0B8E3718A7A6760097AAD1 /* PhotoDisplayViewController.m */; };
		AC47D217189D00C800212D23 /* RecentPhotosTableViewController.m in Sources */ = {isa = PBXBuildFile; fileRef = AC47D216189D00C800212D23 /* RecentPhotosTableViewController.m */; };
		ACD8E8D51897BBE900834EE1 /* Foundation.framework in Frameworks */ = {isa = PBXBuildFile; fileRef = ACD8E8D41897BBE900834EE1 /* Foundation.framework */; };
		ACD8E8D71897BBE900834EE1 /* CoreGraphics.framework in Frameworks */ = {isa = PBXBuildFile; fileRef = ACD8E8D61897BBE900834EE1 /* CoreGraphics.framework */; };
		ACD8E8D91897BBE900834EE1 /* UIKit.framework in Frameworks */ = {isa = PBXBuildFile; fileRef = ACD8E8D81897BBE900834EE1 /* UIKit.framework */; };
		ACD8E8DF1897BBE900834EE1 /* InfoPlist.strings in Resources */ = {isa = PBXBuildFile; fileRef = ACD8E8DD1897BBE900834EE1 /* InfoPlist.strings */; };
		ACD8E8E11897BBE900834EE1 /* main.m in Sources */ = {isa = PBXBuildFile; fileRef = ACD8E8E01897BBE900834EE1 /* main.m */; };
		ACD8E8E51897BBE900834EE1 /* AppDelegate.m in Sources */ = {isa = PBXBuildFile; fileRef = ACD8E8E41897BBE900834EE1 /* AppDelegate.m */; };
		ACD8E8E81897BBE900834EE1 /* Main_iPhone.storyboard in Resources */ = {isa = PBXBuildFile; fileRef = ACD8E8E61897BBE900834EE1 /* Main_iPhone.storyboard */; };
		ACD8E8EB1897BBE900834EE1 /* Main_iPad.storyboard in Resources */ = {isa = PBXBuildFile; fileRef = ACD8E8E91897BBE900834EE1 /* Main_iPad.storyboard */; };
		ACD8E8F01897BBE900834EE1 /* Images.xcassets in Resources */ = {isa = PBXBuildFile; fileRef = ACD8E8EF1897BBE900834EE1 /* Images.xcassets */; };
		ACD8E8F71897BBE900834EE1 /* XCTest.framework in Frameworks */ = {isa = PBXBuildFile; fileRef = ACD8E8F61897BBE900834EE1 /* XCTest.framework */; };
		ACD8E8F81897BBE900834EE1 /* Foundation.framework in Frameworks */ = {isa = PBXBuildFile; fileRef = ACD8E8D41897BBE900834EE1 /* Foundation.framework */; };
		ACD8E8F91897BBE900834EE1 /* UIKit.framework in Frameworks */ = {isa = PBXBuildFile; fileRef = ACD8E8D81897BBE900834EE1 /* UIKit.framework */; };
		ACD8E9011897BBE900834EE1 /* InfoPlist.strings in Resources */ = {isa = PBXBuildFile; fileRef = ACD8E8FF1897BBE900834EE1 /* InfoPlist.strings */; };
		ACD8E9031897BBE900834EE1 /* TopPlacesTests.m in Sources */ = {isa = PBXBuildFile; fileRef = ACD8E9021897BBE900834EE1 /* TopPlacesTests.m */; };
		ACD8E90F1897BD1100834EE1 /* FlickrFetcher.m in Sources */ = {isa = PBXBuildFile; fileRef = ACD8E90E1897BD1100834EE1 /* FlickrFetcher.m */; };
		ACD8E9121897C16200834EE1 /* TopPlacesTableViewController.m in Sources */ = {isa = PBXBuildFile; fileRef = ACD8E9111897C16200834EE1 /* TopPlacesTableViewController.m */; };
		ACD8E91518981B4100834EE1 /* DataTableViewController.m in Sources */ = {isa = PBXBuildFile; fileRef = ACD8E91418981B4100834EE1 /* DataTableViewController.m */; };
		ACD8E918189829A900834EE1 /* PhotosTableViewController.m in Sources */ = {isa = PBXBuildFile; fileRef = ACD8E917189829A900834EE1 /* PhotosTableViewController.m */; };
/* End PBXBuildFile section */

/* Begin PBXContainerItemProxy section */
		ACD8E8FA1897BBE900834EE1 /* PBXContainerItemProxy */ = {
			isa = PBXContainerItemProxy;
			containerPortal = ACD8E8C91897BBE900834EE1 /* Project object */;
			proxyType = 1;
			remoteGlobalIDString = ACD8E8D01897BBE900834EE1;
			remoteInfo = TopPlaces;
		};
/* End PBXContainerItemProxy section */

/* Begin PBXFileReference section */
		AC0B8E3618A7A6760097AAD1 /* PhotoDisplayViewController.h */ = {isa = PBXFileReference; fileEncoding = 4; lastKnownFileType = sourcecode.c.h; path = PhotoDisplayViewController.h; sourceTree = "<group>"; };
		AC0B8E3718A7A6760097AAD1 /* PhotoDisplayViewController.m */ = {isa = PBXFileReference; fileEncoding = 4; lastKnownFileType = sourcecode.c.objc; path = PhotoDisplayViewController.m; sourceTree = "<group>"; };
		AC47D215189D00C800212D23 /* RecentPhotosTableViewController.h */ = {isa = PBXFileReference; fileEncoding = 4; lastKnownFileType = sourcecode.c.h; path = RecentPhotosTableViewController.h; sourceTree = "<group>"; };
		AC47D216189D00C800212D23 /* RecentPhotosTableViewController.m */ = {isa = PBXFileReference; fileEncoding = 4; lastKnownFileType = sourcecode.c.objc; path = RecentPhotosTableViewController.m; sourceTree = "<group>"; };
		ACD8E8D11897BBE900834EE1 /* TopPlaces.app */ = {isa = PBXFileReference; explicitFileType = wrapper.application; includeInIndex = 0; path = TopPlaces.app; sourceTree = BUILT_PRODUCTS_DIR; };
		ACD8E8D41897BBE900834EE1 /* Foundation.framework */ = {isa = PBXFileReference; lastKnownFileType = wrapper.framework; name = Foundation.framework; path = System/Library/Frameworks/Foundation.framework; sourceTree = SDKROOT; };
		ACD8E8D61897BBE900834EE1 /* CoreGraphics.framework */ = {isa = PBXFileReference; lastKnownFileType = wrapper.framework; name = CoreGraphics.framework; path = System/Library/Frameworks/CoreGraphics.framework; sourceTree = SDKROOT; };
		ACD8E8D81897BBE900834EE1 /* UIKit.framework */ = {isa = PBXFileReference; lastKnownFileType = wrapper.framework; name = UIKit.framework; path = System/Library/Frameworks/UIKit.framework; sourceTree = SDKROOT; };
		ACD8E8DC1897BBE900834EE1 /* TopPlaces-Info.plist */ = {isa = PBXFileReference; lastKnownFileType = text.plist.xml; path = "TopPlaces-Info.plist"; sourceTree = "<group>"; };
		ACD8E8DE1897BBE900834EE1 /* en */ = {isa = PBXFileReference; lastKnownFileType = text.plist.strings; name = en; path = en.lproj/InfoPlist.strings; sourceTree = "<group>"; };
		ACD8E8E01897BBE900834EE1 /* main.m */ = {isa = PBXFileReference; lastKnownFileType = sourcecode.c.objc; path = main.m; sourceTree = "<group>"; };
		ACD8E8E21897BBE900834EE1 /* TopPlaces-Prefix.pch */ = {isa = PBXFileReference; lastKnownFileType = sourcecode.c.h; path = "TopPlaces-Prefix.pch"; sourceTree = "<group>"; };
		ACD8E8E31897BBE900834EE1 /* AppDelegate.h */ = {isa = PBXFileReference; lastKnownFileType = sourcecode.c.h; path = AppDelegate.h; sourceTree = "<group>"; };
		ACD8E8E41897BBE900834EE1 /* AppDelegate.m */ = {isa = PBXFileReference; lastKnownFileType = sourcecode.c.objc; path = AppDelegate.m; sourceTree = "<group>"; };
		ACD8E8E71897BBE900834EE1 /* Base */ = {isa = PBXFileReference; lastKnownFileType = file.storyboard; name = Base; path = Base.lproj/Main_iPhone.storyboard; sourceTree = "<group>"; };
		ACD8E8EA1897BBE900834EE1 /* Base */ = {isa = PBXFileReference; lastKnownFileType = file.storyboard; name = Base; path = Base.lproj/Main_iPad.storyboard; sourceTree = "<group>"; };
		ACD8E8EF1897BBE900834EE1 /* Images.xcassets */ = {isa = PBXFileReference; lastKnownFileType = folder.assetcatalog; path = Images.xcassets; sourceTree = "<group>"; };
		ACD8E8F51897BBE900834EE1 /* TopPlacesTests.xctest */ = {isa = PBXFileReference; explicitFileType = wrapper.cfbundle; includeInIndex = 0; path = TopPlacesTests.xctest; sourceTree = BUILT_PRODUCTS_DIR; };
		ACD8E8F61897BBE900834EE1 /* XCTest.framework */ = {isa = PBXFileReference; lastKnownFileType = wrapper.framework; name = XCTest.framework; path = Library/Frameworks/XCTest.framework; sourceTree = DEVELOPER_DIR; };
		ACD8E8FE1897BBE900834EE1 /* TopPlacesTests-Info.plist */ = {isa = PBXFileReference; lastKnownFileType = text.plist.xml; path = "TopPlacesTests-Info.plist"; sourceTree = "<group>"; };
		ACD8E9001897BBE900834EE1 /* en */ = {isa = PBXFileReference; lastKnownFileType = text.plist.strings; name = en; path = en.lproj/InfoPlist.strings; sourceTree = "<group>"; };
		ACD8E9021897BBE900834EE1 /* TopPlacesTests.m */ = {isa = PBXFileReference; lastKnownFileType = sourcecode.c.objc; path = TopPlacesTests.m; sourceTree = "<group>"; };
		ACD8E90C1897BD1100834EE1 /* FlickrAPIKey.h */ = {isa = PBXFileReference; fileEncoding = 4; lastKnownFileType = sourcecode.c.h; path = FlickrAPIKey.h; sourceTree = "<group>"; };
		ACD8E90D1897BD1100834EE1 /* FlickrFetcher.h */ = {isa = PBXFileReference; fileEncoding = 4; lastKnownFileType = sourcecode.c.h; path = FlickrFetcher.h; sourceTree = "<group>"; };
		ACD8E90E1897BD1100834EE1 /* FlickrFetcher.m */ = {isa = PBXFileReference; fileEncoding = 4; lastKnownFileType = sourcecode.c.objc; path = FlickrFetcher.m; sourceTree = "<group>"; };
		ACD8E9101897C16200834EE1 /* TopPlacesTableViewController.h */ = {isa = PBXFileReference; fileEncoding = 4; lastKnownFileType = sourcecode.c.h; path = TopPlacesTableViewController.h; sourceTree = "<group>"; };
		ACD8E9111897C16200834EE1 /* TopPlacesTableViewController.m */ = {isa = PBXFileReference; fileEncoding = 4; lastKnownFileType = sourcecode.c.objc; path = TopPlacesTableViewController.m; sourceTree = "<group>"; };
		ACD8E91318981B4100834EE1 /* DataTableViewController.h */ = {isa = PBXFileReference; fileEncoding = 4; lastKnownFileType = sourcecode.c.h; path = DataTableViewController.h; sourceTree = "<group>"; };
		ACD8E91418981B4100834EE1 /* DataTableViewController.m */ = {isa = PBXFileReference; fileEncoding = 4; lastKnownFileType = sourcecode.c.objc; path = DataTableViewController.m; sourceTree = "<group>"; };
		ACD8E916189829A900834EE1 /* PhotosTableViewController.h */ = {isa = PBXFileReference; fileEncoding = 4; lastKnownFileType = sourcecode.c.h; path = PhotosTableViewController.h; sourceTree = "<group>"; };
		ACD8E917189829A900834EE1 /* PhotosTableViewController.m */ = {isa = PBXFileReference; fileEncoding = 4; lastKnownFileType = sourcecode.c.objc; path = PhotosTableViewController.m; sourceTree = "<group>"; };
/* End PBXFileReference section */

/* Begin PBXFrameworksBuildPhase section */
		ACD8E8CE1897BBE900834EE1 /* Frameworks */ = {
			isa = PBXFrameworksBuildPhase;
			buildActionMask = 2147483647;
			files = (
				ACD8E8D71897BBE900834EE1 /* CoreGraphics.framework in Frameworks */,
				ACD8E8D91897BBE900834EE1 /* UIKit.framework in Frameworks */,
				ACD8E8D51897BBE900834EE1 /* Foundation.framework in Frameworks */,
			);
			runOnlyForDeploymentPostprocessing = 0;
		};
		ACD8E8F21897BBE900834EE1 /* Frameworks */ = {
			isa = PBXFrameworksBuildPhase;
			buildActionMask = 2147483647;
			files = (
				ACD8E8F71897BBE900834EE1 /* XCTest.framework in Frameworks */,
				ACD8E8F91897BBE900834EE1 /* UIKit.framework in Frameworks */,
				ACD8E8F81897BBE900834EE1 /* Foundation.framework in Frameworks */,
			);
			runOnlyForDeploymentPostprocessing = 0;
		};
/* End PBXFrameworksBuildPhase section */

/* Begin PBXGroup section */
		ACD8E8C81897BBE900834EE1 = {
			isa = PBXGroup;
			children = (
				ACD8E8DA1897BBE900834EE1 /* TopPlaces */,
				ACD8E8FC1897BBE900834EE1 /* TopPlacesTests */,
				ACD8E8D31897BBE900834EE1 /* Frameworks */,
				ACD8E8D21897BBE900834EE1 /* Products */,
			);
			sourceTree = "<group>";
		};
		ACD8E8D21897BBE900834EE1 /* Products */ = {
			isa = PBXGroup;
			children = (
				ACD8E8D11897BBE900834EE1 /* TopPlaces.app */,
				ACD8E8F51897BBE900834EE1 /* TopPlacesTests.xctest */,
			);
			name = Products;
			sourceTree = "<group>";
		};
		ACD8E8D31897BBE900834EE1 /* Frameworks */ = {
			isa = PBXGroup;
			children = (
				ACD8E8D41897BBE900834EE1 /* Foundation.framework */,
				ACD8E8D61897BBE900834EE1 /* CoreGraphics.framework */,
				ACD8E8D81897BBE900834EE1 /* UIKit.framework */,
				ACD8E8F61897BBE900834EE1 /* XCTest.framework */,
			);
			name = Frameworks;
			sourceTree = "<group>";
		};
		ACD8E8DA1897BBE900834EE1 /* TopPlaces */ = {
			isa = PBXGroup;
			children = (
				ACD8E90E1897BD1100834EE1 /* FlickrFetcher.m */,
				ACD8E90C1897BD1100834EE1 /* FlickrAPIKey.h */,
				ACD8E90D1897BD1100834EE1 /* FlickrFetcher.h */,
				ACD8E8E91897BBE900834EE1 /* Main_iPad.storyboard */,
				ACD8E8E61897BBE900834EE1 /* Main_iPhone.storyboard */,
				AC0B8E3618A7A6760097AAD1 /* PhotoDisplayViewController.h */,
				AC0B8E3718A7A6760097AAD1 /* PhotoDisplayViewController.m */,
				AC47D215189D00C800212D23 /* RecentPhotosTableViewController.h */,
				AC47D216189D00C800212D23 /* RecentPhotosTableViewController.m */,
				ACD8E916189829A900834EE1 /* PhotosTableViewController.h */,
				ACD8E917189829A900834EE1 /* PhotosTableViewController.m */,
				ACD8E9101897C16200834EE1 /* TopPlacesTableViewController.h */,
				ACD8E9111897C16200834EE1 /* TopPlacesTableViewController.m */,
				ACD8E91318981B4100834EE1 /* DataTableViewController.h */,
				ACD8E91418981B4100834EE1 /* DataTableViewController.m */,
				ACD8E8EF1897BBE900834EE1 /* Images.xcassets */,
				ACD8E8DB1897BBE900834EE1 /* Supporting Files */,
			);
			path = TopPlaces;
			sourceTree = "<group>";
		};
		ACD8E8DB1897BBE900834EE1 /* Supporting Files */ = {
			isa = PBXGroup;
			children = (
				ACD8E8E31897BBE900834EE1 /* AppDelegate.h */,
				ACD8E8E41897BBE900834EE1 /* AppDelegate.m */,
				ACD8E8DC1897BBE900834EE1 /* TopPlaces-Info.plist */,
				ACD8E8DD1897BBE900834EE1 /* InfoPlist.strings */,
				ACD8E8E01897BBE900834EE1 /* main.m */,
				ACD8E8E21897BBE900834EE1 /* TopPlaces-Prefix.pch */,
			);
			name = "Supporting Files";
			sourceTree = "<group>";
		};
		ACD8E8FC1897BBE900834EE1 /* TopPlacesTests */ = {
			isa = PBXGroup;
			children = (
				ACD8E9021897BBE900834EE1 /* TopPlacesTests.m */,
				ACD8E8FD1897BBE900834EE1 /* Supporting Files */,
			);
			path = TopPlacesTests;
			sourceTree = "<group>";
		};
		ACD8E8FD1897BBE900834EE1 /* Supporting Files */ = {
			isa = PBXGroup;
			children = (
				ACD8E8FE1897BBE900834EE1 /* TopPlacesTests-Info.plist */,
				ACD8E8FF1897BBE900834EE1 /* InfoPlist.strings */,
			);
			name = "Supporting Files";
			sourceTree = "<group>";
		};
/* End PBXGroup section */

/* Begin PBXNativeTarget section */
		ACD8E8D01897BBE900834EE1 /* TopPlaces */ = {
			isa = PBXNativeTarget;
			buildConfigurationList = ACD8E9061897BBE900834EE1 /* Build configuration list for PBXNativeTarget "TopPlaces" */;
			buildPhases = (
				ACD8E8CD1897BBE900834EE1 /* Sources */,
				ACD8E8CE1897BBE900834EE1 /* Frameworks */,
				ACD8E8CF1897BBE900834EE1 /* Resources */,
			);
			buildRules = (
			);
			dependencies = (
			);
			name = TopPlaces;
			productName = TopPlaces;
			productReference = ACD8E8D11897BBE900834EE1 /* TopPlaces.app */;
			productType = "com.apple.product-type.application";
		};
		ACD8E8F41897BBE900834EE1 /* TopPlacesTests */ = {
			isa = PBXNativeTarget;
			buildConfigurationList = ACD8E9091897BBE900834EE1 /* Build configuration list for PBXNativeTarget "TopPlacesTests" */;
			buildPhases = (
				ACD8E8F11897BBE900834EE1 /* Sources */,
				ACD8E8F21897BBE900834EE1 /* Frameworks */,
				ACD8E8F31897BBE900834EE1 /* Resources */,
			);
			buildRules = (
			);
			dependencies = (
				ACD8E8FB1897BBE900834EE1 /* PBXTargetDependency */,
			);
			name = TopPlacesTests;
			productName = TopPlacesTests;
			productReference = ACD8E8F51897BBE900834EE1 /* TopPlacesTests.xctest */;
			productType = "com.apple.product-type.bundle.unit-test";
		};
/* End PBXNativeTarget section */

/* Begin PBXProject section */
		ACD8E8C91897BBE900834EE1 /* Project object */ = {
			isa = PBXProject;
			attributes = {
				LastUpgradeCheck = 0510;
				ORGANIZATIONNAME = "Finger Flick Games";
				TargetAttributes = {
					ACD8E8F41897BBE900834EE1 = {
						TestTargetID = ACD8E8D01897BBE900834EE1;
					};
				};
			};
			buildConfigurationList = ACD8E8CC1897BBE900834EE1 /* Build configuration list for PBXProject "TopPlaces" */;
			compatibilityVersion = "Xcode 3.2";
			developmentRegion = English;
			hasScannedForEncodings = 0;
			knownRegions = (
				en,
				Base,
			);
			mainGroup = ACD8E8C81897BBE900834EE1;
			productRefGroup = ACD8E8D21897BBE900834EE1 /* Products */;
			projectDirPath = "";
			projectRoot = "";
			targets = (
				ACD8E8D01897BBE900834EE1 /* TopPlaces */,
				ACD8E8F41897BBE900834EE1 /* TopPlacesTests */,
			);
		};
/* End PBXProject section */

/* Begin PBXResourcesBuildPhase section */
		ACD8E8CF1897BBE900834EE1 /* Resources */ = {
			isa = PBXResourcesBuildPhase;
			buildActionMask = 2147483647;
			files = (
				ACD8E8EB1897BBE900834EE1 /* Main_iPad.storyboard in Resources */,
				ACD8E8F01897BBE900834EE1 /* Images.xcassets in Resources */,
				ACD8E8E81897BBE900834EE1 /* Main_iPhone.storyboard in Resources */,
				ACD8E8DF1897BBE900834EE1 /* InfoPlist.strings in Resources */,
			);
			runOnlyForDeploymentPostprocessing = 0;
		};
		ACD8E8F31897BBE900834EE1 /* Resources */ = {
			isa = PBXResourcesBuildPhase;
			buildActionMask = 2147483647;
			files = (
				ACD8E9011897BBE900834EE1 /* InfoPlist.strings in Resources */,
			);
			runOnlyForDeploymentPostprocessing = 0;
		};
/* End PBXResourcesBuildPhase section */

/* Begin PBXSourcesBuildPhase section */
		ACD8E8CD1897BBE900834EE1 /* Sources */ = {
			isa = PBXSourcesBuildPhase;
			buildActionMask = 2147483647;
			files = (
				ACD8E9121897C16200834EE1 /* TopPlacesTableViewController.m in Sources */,
				AC0B8E3818A7A6760097AAD1 /* PhotoDisplayViewController.m in Sources */,
				ACD8E91518981B4100834EE1 /* DataTableViewController.m in Sources */,
				AC47D217189D00C800212D23 /* RecentPhotosTableViewController.m in Sources */,
				ACD8E918189829A900834EE1 /* PhotosTableViewController.m in Sources */,
				ACD8E8E51897BBE900834EE1 /* AppDelegate.m in Sources */,
				ACD8E90F1897BD1100834EE1 /* FlickrFetcher.m in Sources */,
				ACD8E8E11897BBE900834EE1 /* main.m in Sources */,
			);
			runOnlyForDeploymentPostprocessing = 0;
		};
		ACD8E8F11897BBE900834EE1 /* Sources */ = {
			isa = PBXSourcesBuildPhase;
			buildActionMask = 2147483647;
			files = (
				ACD8E9031897BBE900834EE1 /* TopPlacesTests.m in Sources */,
			);
			runOnlyForDeploymentPostprocessing = 0;
		};
/* End PBXSourcesBuildPhase section */

/* Begin PBXTargetDependency section */
		ACD8E8FB1897BBE900834EE1 /* PBXTargetDependency */ = {
			isa = PBXTargetDependency;
			target = ACD8E8D01897BBE900834EE1 /* TopPlaces */;
			targetProxy = ACD8E8FA1897BBE900834EE1 /* PBXContainerItemProxy */;
		};
/* End PBXTargetDependency section */

/* Begin PBXVariantGroup section */
		ACD8E8DD1897BBE900834EE1 /* InfoPlist.strings */ = {
			isa = PBXVariantGroup;
			children = (
				ACD8E8DE1897BBE900834EE1 /* en */,
			);
			name = InfoPlist.strings;
			sourceTree = "<group>";
		};
		ACD8E8E61897BBE900834EE1 /* Main_iPhone.storyboard */ = {
			isa = PBXVariantGroup;
			children = (
				ACD8E8E71897BBE900834EE1 /* Base */,
			);
			name = Main_iPhone.storyboard;
			sourceTree = "<group>";
		};
		ACD8E8E91897BBE900834EE1 /* Main_iPad.storyboard */ = {
			isa = PBXVariantGroup;
			children = (
				ACD8E8EA1897BBE900834EE1 /* Base */,
			);
			name = Main_iPad.storyboard;
			sourceTree = "<group>";
		};
		ACD8E8FF1897BBE900834EE1 /* InfoPlist.strings */ = {
			isa = PBXVariantGroup;
			children = (
				ACD8E9001897BBE900834EE1 /* en */,
			);
			name = InfoPlist.strings;
			sourceTree = "<group>";
		};
/* End PBXVariantGroup section */

/* Begin XCBuildConfiguration section */
		ACD8E9041897BBE900834EE1 /* Debug */ = {
			isa = XCBuildConfiguration;
			buildSettings = {
				ALWAYS_SEARCH_USER_PATHS = NO;
				CLANG_CXX_LANGUAGE_STANDARD = "gnu++0x";
				CLANG_CXX_LIBRARY = "libc++";
				CLANG_ENABLE_MODULES = YES;
				CLANG_ENABLE_OBJC_ARC = YES;
				CLANG_WARN_BOOL_CONVERSION = YES;
				CLANG_WARN_CONSTANT_CONVERSION = YES;
				CLANG_WARN_DIRECT_OBJC_ISA_USAGE = YES_ERROR;
				CLANG_WARN_EMPTY_BODY = YES;
				CLANG_WARN_ENUM_CONVERSION = YES;
				CLANG_WARN_INT_CONVERSION = YES;
				CLANG_WARN_OBJC_ROOT_CLASS = YES_ERROR;
				CLANG_WARN__DUPLICATE_METHOD_MATCH = YES;
				"CODE_SIGN_IDENTITY[sdk=iphoneos*]" = "iPhone Developer";
				COPY_PHASE_STRIP = NO;
				GCC_C_LANGUAGE_STANDARD = gnu99;
				GCC_DYNAMIC_NO_PIC = NO;
				GCC_OPTIMIZATION_LEVEL = 0;
				GCC_PREPROCESSOR_DEFINITIONS = (
					"DEBUG=1",
					"$(inherited)",
				);
				GCC_SYMBOLS_PRIVATE_EXTERN = NO;
				GCC_WARN_64_TO_32_BIT_CONVERSION = YES;
				GCC_WARN_ABOUT_RETURN_TYPE = YES_ERROR;
				GCC_WARN_UNDECLARED_SELECTOR = YES;
				GCC_WARN_UNINITIALIZED_AUTOS = YES_AGGRESSIVE;
				GCC_WARN_UNUSED_FUNCTION = YES;
				GCC_WARN_UNUSED_VARIABLE = YES;
				IPHONEOS_DEPLOYMENT_TARGET = 7.1;
				ONLY_ACTIVE_ARCH = YES;
				SDKROOT = iphoneos;
				TARGETED_DEVICE_FAMILY = "1,2";
			};
			name = Debug;
		};
		ACD8E9051897BBE900834EE1 /* Release */ = {
			isa = XCBuildConfiguration;
			buildSettings = {
				ALWAYS_SEARCH_USER_PATHS = NO;
				CLANG_CXX_LANGUAGE_STANDARD = "gnu++0x";
				CLANG_CXX_LIBRARY = "libc++";
				CLANG_ENABLE_MODULES = YES;
				CLANG_ENABLE_OBJC_ARC = YES;
				CLANG_WARN_BOOL_CONVERSION = YES;
				CLANG_WARN_CONSTANT_CONVERSION = YES;
				CLANG_WARN_DIRECT_OBJC_ISA_USAGE = YES_ERROR;
				CLANG_WARN_EMPTY_BODY = YES;
				CLANG_WARN_ENUM_CONVERSION = YES;
				CLANG_WARN_INT_CONVERSION = YES;
				CLANG_WARN_OBJC_ROOT_CLASS = YES_ERROR;
				CLANG_WARN__DUPLICATE_METHOD_MATCH = YES;
				"CODE_SIGN_IDENTITY[sdk=iphoneos*]" = "iPhone Developer";
				COPY_PHASE_STRIP = YES;
				ENABLE_NS_ASSERTIONS = NO;
				GCC_C_LANGUAGE_STANDARD = gnu99;
				GCC_WARN_64_TO_32_BIT_CONVERSION = YES;
				GCC_WARN_ABOUT_RETURN_TYPE = YES_ERROR;
				GCC_WARN_UNDECLARED_SELECTOR = YES;
				GCC_WARN_UNINITIALIZED_AUTOS = YES_AGGRESSIVE;
				GCC_WARN_UNUSED_FUNCTION = YES;
				GCC_WARN_UNUSED_VARIABLE = YES;
				IPHONEOS_DEPLOYMENT_TARGET = 7.1;
				SDKROOT = iphoneos;
				TARGETED_DEVICE_FAMILY = "1,2";
				VALIDATE_PRODUCT = YES;
			};
			name = Release;
		};
		ACD8E9071897BBE900834EE1 /* Debug */ = {
			isa = XCBuildConfiguration;
			buildSettings = {
				ASSETCATALOG_COMPILER_APPICON_NAME = AppIcon;
				ASSETCATALOG_COMPILER_LAUNCHIMAGE_NAME = LaunchImage;
				GCC_PRECOMPILE_PREFIX_HEADER = YES;
				GCC_PREFIX_HEADER = "TopPlaces/TopPlaces-Prefix.pch";
				INFOPLIST_FILE = "TopPlaces/TopPlaces-Info.plist";
				PRODUCT_NAME = "$(TARGET_NAME)";
				WRAPPER_EXTENSION = app;
			};
			name = Debug;
		};
		ACD8E9081897BBE900834EE1 /* Release */ = {
			isa = XCBuildConfiguration;
			buildSettings = {
				ASSETCATALOG_COMPILER_APPICON_NAME = AppIcon;
				ASSETCATALOG_COMPILER_LAUNCHIMAGE_NAME = LaunchImage;
				GCC_PRECOMPILE_PREFIX_HEADER = YES;
				GCC_PREFIX_HEADER = "TopPlaces/TopPlaces-Prefix.pch";
				INFOPLIST_FILE = "TopPlaces/TopPlaces-Info.plist";
				PRODUCT_NAME = "$(TARGET_NAME)";
				WRAPPER_EXTENSION = app;
			};
			name = Release;
		};
		ACD8E90A1897BBE900834EE1 /* Debug */ = {
			isa = XCBuildConfiguration;
			buildSettings = {
				BUNDLE_LOADER = "$(BUILT_PRODUCTS_DIR)/TopPlaces.app/TopPlaces";
				FRAMEWORK_SEARCH_PATHS = (
					"$(SDKROOT)/Developer/Library/Frameworks",
					"$(inherited)",
					"$(DEVELOPER_FRAMEWORKS_DIR)",
				);
				GCC_PRECOMPILE_PREFIX_HEADER = YES;
				GCC_PREFIX_HEADER = "TopPlaces/TopPlaces-Prefix.pch";
				GCC_PREPROCESSOR_DEFINITIONS = (
					"DEBUG=1",
					"$(inherited)",
				);
				INFOPLIST_FILE = "TopPlacesTests/TopPlacesTests-Info.plist";
				PRODUCT_NAME = "$(TARGET_NAME)";
				TEST_HOST = "$(BUNDLE_LOADER)";
				WRAPPER_EXTENSION = xctest;
			};
			name = Debug;
		};
		ACD8E90B1897BBE900834EE1 /* Release */ = {
			isa = XCBuildConfiguration;
			buildSettings = {
				BUNDLE_LOADER = "$(BUILT_PRODUCTS_DIR)/TopPlaces.app/TopPlaces";
				FRAMEWORK_SEARCH_PATHS = (
					"$(SDKROOT)/Developer/Library/Frameworks",
					"$(inherited)",
					"$(DEVELOPER_FRAMEWORKS_DIR)",
				);
				GCC_PRECOMPILE_PREFIX_HEADER = YES;
				GCC_PREFIX_HEADER = "TopPlaces/TopPlaces-Prefix.pch";
				INFOPLIST_FILE = "TopPlacesTests/TopPlacesTests-Info.plist";
				PRODUCT_NAME = "$(TARGET_NAME)";
				TEST_HOST = "$(BUNDLE_LOADER)";
				WRAPPER_EXTENSION = xctest;
			};
			name = Release;
		};
/* End XCBuildConfiguration section */

/* Begin XCConfigurationList section */
		ACD8E8CC1897BBE900834EE1 /* Build configuration list for PBXProject "TopPlaces" */ = {
			isa = XCConfigurationList;
			buildConfigurations = (
				ACD8E9041897BBE900834EE1 /* Debug */,
				ACD8E9051897BBE900834EE1 /* Release */,
			);
			defaultConfigurationIsVisible = 0;
			defaultConfigurationName = Release;
		};
		ACD8E9061897BBE900834EE1 /* Build configuration list for PBXNativeTarget "TopPlaces" */ = {
			isa = XCConfigurationList;
			buildConfigurations = (
				ACD8E9071897BBE900834EE1 /* Debug */,
				ACD8E9081897BBE900834EE1 /* Release */,
			);
			defaultConfigurationIsVisible = 0;
			defaultConfigurationName = Release;
		};
		ACD8E9091897BBE900834EE1 /* Build configuration list for PBXNativeTarget "TopPlacesTests" */ = {
			isa = XCConfigurationList;
			buildConfigurations = (
				ACD8E90A1897BBE900834EE1 /* Debug */,
				ACD8E90B1897BBE900834EE1 /* Release */,
			);
			defaultConfigurationIsVisible = 0;
			defaultConfigurationName = Release;
		};
/* End XCConfigurationList section */
	};
	rootObject = ACD8E8C91897BBE900834EE1 /* Project object */;
}
